
Microsoft Visual Studio Solution File, Format Version 12.00
# Visual Studio Version 17
VisualStudioVersion = 17.5.33424.131
MinimumVisualStudioVersion = 10.0.40219.1
Project("{FAE04EC0-301F-11D3-BF4B-00C04F79EFBC}") = "Notes.Android", "Notes.Android\Notes.Android.csproj", "{836B4E6B-0862-47CB-8BBF-EFE75163D712}"
EndProject
Project("{FAE04EC0-301F-11D3-BF4B-00C04F79EFBC}") = "Notes.iOS", "Notes.iOS\Notes.iOS.csproj", "{A961A347-A569-4ED0-A307-F96B61254B07}"
EndProject
Project("{FAE04EC0-301F-11D3-BF4B-00C04F79EFBC}") = "Notes", "Notes\Notes.csproj", "{7360AA6A-1553-4771-BDB5-101CF07CE164}"
EndProject
Global
	GlobalSection(SolutionConfigurationPlatforms) = preSolution
		Debug|Any CPU = Debug|Any CPU
		Debug|iPhone = Debug|iPhone
		Debug|iPhoneSimulator = Debug|iPhoneSimulator
		Release|Any CPU = Release|Any CPU
		Release|iPhone = Release|iPhone
		Release|iPhoneSimulator = Release|iPhoneSimulator
	EndGlobalSection
	GlobalSection(ProjectConfigurationPlatforms) = postSolution
		{836B4E6B-0862-47CB-8BBF-EFE75163D712}.Debug|Any CPU.ActiveCfg = Debug|Any CPU
		{836B4E6B-0862-47CB-8BBF-EFE75163D712}.Debug|Any CPU.Build.0 = Debug|Any CPU
		{836B4E6B-0862-47CB-8BBF-EFE75163D712}.Debug|Any CPU.Deploy.0 = Debug|Any CPU
		{836B4E6B-0862-47CB-8BBF-EFE75163D712}.Debug|iPhone.ActiveCfg = Debug|Any CPU
		{836B4E6B-0862-47CB-8BBF-EFE75163D712}.Debug|iPhone.Build.0 = Debug|Any CPU
		{836B4E6B-0862-47CB-8BBF-EFE75163D712}.Debug|iPhone.Deploy.0 = Debug|Any CPU
		{836B4E6B-0862-47CB-8BBF-EFE75163D712}.Debug|iPhoneSimulator.ActiveCfg = Debug|Any CPU
		{836B4E6B-0862-47CB-8BBF-EFE75163D712}.Debug|iPhoneSimulator.Build.0 = Debug|Any CPU
		{836B4E6B-0862-47CB-8BBF-EFE75163D712}.Debug|iPhoneSimulator.Deploy.0 = Debug|Any CPU
		{836B4E6B-0862-47CB-8BBF-EFE75163D712}.Release|Any CPU.ActiveCfg = Release|Any CPU
		{836B4E6B-0862-47CB-8BBF-EFE75163D712}.Release|Any CPU.Build.0 = Release|Any CPU
		{836B4E6B-0862-47CB-8BBF-EFE75163D712}.Release|Any CPU.Deploy.0 = Release|Any CPU
		{836B4E6B-0862-47CB-8BBF-EFE75163D712}.Release|iPhone.ActiveCfg = Release|Any CPU
		{836B4E6B-0862-47CB-8BBF-EFE75163D712}.Release|iPhone.Build.0 = Release|Any CPU
		{836B4E6B-0862-47CB-8BBF-EFE75163D712}.Release|iPhone.Deploy.0 = Release|Any CPU
		{836B4E6B-0862-47CB-8BBF-EFE75163D712}.Release|iPhoneSimulator.ActiveCfg = Release|Any CPU
		{836B4E6B-0862-47CB-8BBF-EFE75163D712}.Release|iPhoneSimulator.Build.0 = Release|Any CPU
		{836B4E6B-0862-47CB-8BBF-EFE75163D712}.Release|iPhoneSimulator.Deploy.0 = Release|Any CPU
		{A961A347-A569-4ED0-A307-F96B61254B07}.Debug|Any CPU.ActiveCfg = Debug|iPhone
		{A961A347-A569-4ED0-A307-F96B61254B07}.Debug|Any CPU.Build.0 = Debug|iPhone
		{A961A347-A569-4ED0-A307-F96B61254B07}.Debug|Any CPU.Deploy.0 = Debug|iPhone
		{A961A347-A569-4ED0-A307-F96B61254B07}.Debug|iPhone.ActiveCfg = Debug|iPhone
		{A961A347-A569-4ED0-A307-F96B61254B07}.Debug|iPhone.Build.0 = Debug|iPhone
		{A961A347-A569-4ED0-A307-F96B61254B07}.Debug|iPhone.Deploy.0 = Debug|iPhone
		{A961A347-A569-4ED0-A307-F96B61254B07}.Debug|iPhoneSimulator.ActiveCfg = Debug|iPhoneSimulator
		{A961A347-A569-4ED0-A307-F96B61254B07}.Debug|iPhoneSimulator.Build.0 = Debug|iPhoneSimulator
		{A961A347-A569-4ED0-A307-F96B61254B07}.Debug|iPhoneSimulator.Deploy.0 = Debug|iPhoneSimulator
		{A961A347-A569-4ED0-A307-F96B61254B07}.Release|Any CPU.ActiveCfg = Release|iPhoneSimulator
		{A961A347-A569-4ED0-A307-F96B61254B07}.Release|Any CPU.Build.0 = Release|iPhoneSimulator
		{A961A347-A569-4ED0-A307-F96B61254B07}.Release|Any CPU.Deploy.0 = Release|iPhoneSimulator
		{A961A347-A569-4ED0-A307-F96B61254B07}.Release|iPhone.ActiveCfg = Release|iPhone
		{A961A347-A569-4ED0-A307-F96B61254B07}.Release|iPhone.Build.0 = Release|iPhone
		{A961A347-A569-4ED0-A307-F96B61254B07}.Release|iPhone.Deploy.0 = Release|iPhone
		{A961A347-A569-4ED0-A307-F96B61254B07}.Release|iPhoneSimulator.ActiveCfg = Release|iPhoneSimulator
		{A961A347-A569-4ED0-A307-F96B61254B07}.Release|iPhoneSimulator.Build.0 = Release|iPhoneSimulator
		{A961A347-A569-4ED0-A307-F96B61254B07}.Release|iPhoneSimulator.Deploy.0 = Release|iPhoneSimulator
		{7360AA6A-1553-4771-BDB5-101CF07CE164}.Debug|Any CPU.ActiveCfg = Debug|Any CPU
		{7360AA6A-1553-4771-BDB5-101CF07CE164}.Debug|Any CPU.Build.0 = Debug|Any CPU
		{7360AA6A-1553-4771-BDB5-101CF07CE164}.Debug|Any CPU.Deploy.0 = Debug|Any CPU
		{7360AA6A-1553-4771-BDB5-101CF07CE164}.Debug|iPhone.ActiveCfg = Debug|Any CPU
		{7360AA6A-1553-4771-BDB5-101CF07CE164}.Debug|iPhone.Build.0 = Debug|Any CPU
		{7360AA6A-1553-4771-BDB5-101CF07CE164}.Debug|iPhone.Deploy.0 = Debug|Any CPU
		{7360AA6A-1553-4771-BDB5-101CF07CE164}.Debug|iPhoneSimulator.ActiveCfg = Debug|Any CPU
		{7360AA6A-1553-4771-BDB5-101CF07CE164}.Debug|iPhoneSimulator.Build.0 = Debug|Any CPU
		{7360AA6A-1553-4771-BDB5-101CF07CE164}.Debug|iPhoneSimulator.Deploy.0 = Debug|Any CPU
		{7360AA6A-1553-4771-BDB5-101CF07CE164}.Release|Any CPU.ActiveCfg = Release|Any CPU
		{7360AA6A-1553-4771-BDB5-101CF07CE164}.Release|Any CPU.Build.0 = Release|Any CPU
		{7360AA6A-1553-4771-BDB5-101CF07CE164}.Release|Any CPU.Deploy.0 = Release|Any CPU
		{7360AA6A-1553-4771-BDB5-101CF07CE164}.Release|iPhone.ActiveCfg = Release|Any CPU
		{7360AA6A-1553-4771-BDB5-101CF07CE164}.Release|iPhone.Build.0 = Release|Any CPU
		{7360AA6A-1553-4771-BDB5-101CF07CE164}.Release|iPhone.Deploy.0 = Release|Any CPU
		{7360AA6A-1553-4771-BDB5-101CF07CE164}.Release|iPhoneSimulator.ActiveCfg = Release|Any CPU
		{7360AA6A-1553-4771-BDB5-101CF07CE164}.Release|iPhoneSimulator.Build.0 = Release|Any CPU
		{7360AA6A-1553-4771-BDB5-101CF07CE164}.Release|iPhoneSimulator.Deploy.0 = Release|Any CPU
	EndGlobalSection
	GlobalSection(SolutionProperties) = preSolution
		HideSolutionNode = FALSE
	EndGlobalSection
	GlobalSection(ExtensibilityGlobals) = postSolution
		SolutionGuid = {236751CD-F808-4ADB-82DC-B77076DD1973}
	EndGlobalSection
EndGlobal
